<?xml version="1.0" encoding="utf-8"?>
<Project ToolsVersion="4.0" xmlns="http://schemas.microsoft.com/developer/msbuild/2003">
  <ItemGroup>
    <Filter Include="Source Files">
      <UniqueIdentifier>{4FC737F1-C7A5-4376-A066-2A32D752A2FF}</UniqueIdentifier>
      <Extensions>cpp;c;cc;cxx;c++;cppm;ixx;def;odl;idl;hpj;bat;asm;asmx</Extensions>
    </Filter>
    <Filter Include="Header Files">
      <UniqueIdentifier>{93995380-89BD-4b04-88EB-625FBE52EBFB}</UniqueIdentifier>
      <Extensions>h;hh;hpp;hxx;h++;hm;inl;inc;ipp;xsd</Extensions>
    </Filter>
    <Filter Include="Resource Files">
      <UniqueIdentifier>{67DA6AB6-F800-4c08-8B7A-83BB121AAD01}</UniqueIdentifier>
      <Extensions>rc;ico;cur;bmp;dlg;rc2;rct;bin;rgs;gif;jpg;jpeg;jpe;resx;tiff;tif;png;wav;mfcribbon-ms</Extensions>
    </Filter>
    <Filter Include="Source Files\external">
      <UniqueIdentifier>{62a70e5a-3797-4e56-bdeb-941de392df3f}</UniqueIdentifier>
    </Filter>
    <Filter Include="Header Files\external">
      <UniqueIdentifier>{85d0f060-619f-4edb-bf7c-9ba9fa519474}</UniqueIdentifier>
    </Filter>
    <Filter Include="Source Files\_hl">
      <UniqueIdentifier>{8db08837-36b1-4d16-b657-d0ec44cd6621}</UniqueIdentifier>
    </Filter>
    <Filter Include="Source Files\_hl\cl_dll">
      <UniqueIdentifier>{da4265f3-9f22-4e3f-bc5d-37e66f36e118}</UniqueIdentifier>
    </Filter>
    <Filter Include="Source Files\_hl\cl_dll\hl">
      <UniqueIdentifier>{a6173ec6-97e0-454e-973f-bc695b26542b}</UniqueIdentifier>
    </Filter>
    <Filter Include="Header Files\external\FranAudio">
      <UniqueIdentifier>{c3493061-6848-4ff0-8ecf-8aac81e7b91d}</UniqueIdentifier>
    </Filter>
    <Filter Include="Source Files\external\FranAudio">
      <UniqueIdentifier>{798130c4-6f13-46a7-a5b8-241444b92156}</UniqueIdentifier>
    </Filter>
  </ItemGroup>
  <ItemGroup>
    <ClCompile Include="..\..\cl_dll\hl\hl_baseentity.cpp">
      <Filter>Source Files\_hl\cl_dll\hl</Filter>
    </ClCompile>
    <ClCompile Include="..\..\external\FranAudio\Sound.cpp">
      <Filter>Source Files\external\FranAudio</Filter>
    </ClCompile>
    <ClCompile Include="..\..\external\FranAudio\FranAudio.cpp">
      <Filter>Source Files\external\FranAudio</Filter>
    </ClCompile>
    <ClCompile Include="..\..\external\FranAudio\Channel.cpp">
      <Filter>Source Files\external\FranAudio</Filter>
    </ClCompile>
    <ClCompile Include="..\..\external\FranAudio\ALWrappers.cpp">
      <Filter>Source Files\external\FranAudio</Filter>
    </ClCompile>
  </ItemGroup>
  <ItemGroup>
    <ClInclude Include="..\..\external\FranAudio\Channel.hpp">
      <Filter>Header Files\external\FranAudio</Filter>
    </ClInclude>
    <ClInclude Include="..\..\external\FranAudio\FranAudio.hpp">
      <Filter>Header Files\external\FranAudio</Filter>
    </ClInclude>
    <ClInclude Include="..\..\external\FranAudio\FranAudioAPI.hpp">
      <Filter>Header Files\external\FranAudio</Filter>
    </ClInclude>
    <ClInclude Include="..\..\external\FranAudio\Sound.hpp">
      <Filter>Header Files\external\FranAudio</Filter>
    </ClInclude>
    <ClInclude Include="..\..\external\FranAudio\Utilities.hpp">
      <Filter>Header Files\external\FranAudio</Filter>
    </ClInclude>
    <ClInclude Include="..\..\external\FranAudio\FranVector.hpp">
      <Filter>Header Files\external\FranAudio</Filter>
    </ClInclude>
    <ClInclude Include="..\..\external\FranAudio\ALWrappers.hpp">
      <Filter>Header Files\external\FranAudio</Filter>
    </ClInclude>
  </ItemGroup>
</Project>